{
  "lockfile_version": "1",
  "packages": {
    "git@latest": {
      "last_modified": "2026-03-21T07:29:51Z",
      "resolved": "github:NixOS/nixpkgs/09061f748ee21f68a089cd5d91ec1859cd93d0be#git",
      "source": "devbox-search",
      "version": "2.53.0",
      "systems": {
        "aarch64-darwin": {
          "outputs": [
            {
              "name": "out",
              "path": "/nix/store/6qbj40r0s289k5slmy8yna5x2hfz01wg-git-2.53.0",
              "default": true
            },
            {
              "name": "doc",
              "path": "/nix/store/xp9w7bcl4c78268kn82qdayqglj0zdxa-git-2.53.0-doc"
            }
          ],
          "store_path": "/nix/store/6qbj40r0s289k5slmy8yna5x2hfz01wg-git-2.53.0"
        },
        "aarch64-linux": {
          "outputs": [
            {
              "name": "out",
              "path": "/nix/store/0vbb6j0ppx1w8cw28h7w8s2dzla9j3m6-git-2.53.0",
              "default": true
            },
            {
              "name": "debug",
              "path": "/nix/store/gaj4q67pid2pcy9nvh2ysv4728wxj5m4-git-2.53.0-debug"
            },
            {
              "name": "doc",
              "path": "/nix/store/9mrg9g0w2b4cfdppq3n4zvhkvyixvqpx-git-2.53.0-doc"
            }
          ],
          "store_path": "/nix/store/0vbb6j0ppx1w8cw28h7w8s2dzla9j3m6-git-2.53.0"
        },
        "x86_64-darwin": {
          "outputs": [
            {
              "name": "out",
              "path": "/nix/store/2q2hzaclp1rsj65h21lng7wa26vawhnq-git-2.53.0",
              "default": true
            },
            {
              "name": "doc",
              "path": "/nix/store/yi2mi426la2x7rggv0a0ah11s2dangz4-git-2.53.0-doc"
            }
          ],
          "store_path": "/nix/store/2q2hzaclp1rsj65h21lng7wa26vawhnq-git-2.53.0"
        },
        "x86_64-linux": {
          "outputs": [
            {
              "name": "out",
              "path": "/nix/store/7yvcckar1lzhqnr0xx2n19nsdjd4qa4d-git-2.53.0",
              "default": true
            },
            {
              "name": "debug",
              "path": "/nix/store/9xs1n97fsdbgnk8cxbdx3hqlz6fdaynb-git-2.53.0-debug"
            },
            {
              "name": "doc",
              "path": "/nix/store/rv7cz5lz1qmbdnh3zrpv0j0wa5ivaacq-git-2.53.0-doc"
            }
          ],
          "store_path": "/nix/store/7yvcckar1lzhqnr0xx2n19nsdjd4qa4d-git-2.53.0"
        }
      }
    },
    "github:NixOS/nixpkgs/nixpkgs-unstable": {
      "last_modified": "2026-03-05T01:30:23Z",
      "resolved": "github:NixOS/nixpkgs/66d9241e3dc2296726dc522e62dbfe89c7b449f3?lastModified=1772674223&narHash=sha256-%2FsuKbHSaSmuC9UY7G0VRQ3aO%2BQKqxAQPQ19wG7QNkF8%3D"
    },
    "nodejs@latest": {
      "last_modified": "2026-03-21T07:29:51Z",
      "plugin_version": "0.0.2",
      "resolved": "github:NixOS/nixpkgs/09061f748ee21f68a089cd5d91ec1859cd93d0be#nodejs_25",
      "source": "devbox-search",
      "version": "25.8.1",
      "systems": {
        "aarch64-darwin": {
          "outputs": [
            {
              "name": "out",
              "path": "/nix/store/kala80ghvzlaxns3h291chi9l63jvjfy-nodejs-25.8.1",
              "default": true
            }
          ],
          "store_path": "/nix/store/kala80ghvzlaxns3h291chi9l63jvjfy-nodejs-25.8.1"
        },
        "aarch64-linux": {
          "outputs": [
            {
              "name": "out",
              "path": "/nix/store/af8lqf08ahd3wxy9jhzi7d0qcrsc9kvb-nodejs-25.8.1",
              "default": true
            }
          ],
          "store_path": "/nix/store/af8lqf08ahd3wxy9jhzi7d0qcrsc9kvb-nodejs-25.8.1"
        },
        "x86_64-darwin": {
          "outputs": [
            {
              "name": "out",
              "path": "/nix/store/mj7gariyc4j8fi2b9k31ykhr6n2yklm7-nodejs-25.8.1",
              "default": true
            }
          ],
          "store_path": "/nix/store/mj7gariyc4j8fi2b9k31ykhr6n2yklm7-nodejs-25.8.1"
        },
        "x86_64-linux": {
          "outputs": [
            {
              "name": "out",
              "path": "/nix/store/h1dg57qqanqg9giys4a4akyncssbbb2v-nodejs-25.8.1",
              "default": true
            }
          ],
          "store_path": "/nix/store/h1dg57qqanqg9giys4a4akyncssbbb2v-nodejs-25.8.1"
        }
      }
    },
    "rustup@latest": {
      "last_modified": "2026-03-21T07:29:51Z",
      "plugin_version": "0.0.1",
      "resolved": "github:NixOS/nixpkgs/09061f748ee21f68a089cd5d91ec1859cd93d0be#rustup",
      "source": "devbox-search",
      "version": "1.28.2",
      "systems": {
        "aarch64-darwin": {
          "outputs": [
            {
              "name": "out",
              "path": "/nix/store/z151hcfq4djwzmxxfdiy5cih1nly05aq-rustup-1.28.2",
              "default": true
            }
          ],
          "store_path": "/nix/store/z151hcfq4djwzmxxfdiy5cih1nly05aq-rustup-1.28.2"
        },
        "aarch64-linux": {
          "outputs": [
            {
              "name": "out",
              "path": "/nix/store/l1bgj6d6p3n9868n91vhb8fvzj3l0n69-rustup-1.28.2",
              "default": true
            }
          ],
          "store_path": "/nix/store/l1bgj6d6p3n9868n91vhb8fvzj3l0n69-rustup-1.28.2"
        },
        "x86_64-darwin": {
          "outputs": [
            {
              "name": "out",
              "path": "/nix/store/3rczx3p8ayxam5xp1h1jpq3cwwrzpak4-rustup-1.28.2",
              "default": true
            }
          ],
          "store_path": "/nix/store/3rczx3p8ayxam5xp1h1jpq3cwwrzpak4-rustup-1.28.2"
        },
        "x86_64-linux": {
          "outputs": [
            {
              "name": "out",
              "path": "/nix/store/8bwaqs52z4830qljdx989b86lqjq5ah3-rustup-1.28.2",
              "default": true
            }
          ],
          "store_path": "/nix/store/8bwaqs52z4830qljdx989b86lqjq5ah3-rustup-1.28.2"
        }
      }
    },
    "sqlite@latest": {
      "last_modified": "2026-03-23T05:26:49Z",
      "resolved": "github:NixOS/nixpkgs/4724d5647207377bede08da3212f809cbd94a648#sqlite",
      "source": "devbox-search",
      "version": "3.51.2",
      "systems": {
        "aarch64-darwin": {
          "outputs": [
            {
              "name": "bin",
              "path": "/nix/store/k0d3v6xlvb83fmjkmm0wl7vysf498cx4-sqlite-3.51.2-bin",
              "default": true
            },
            {
              "name": "man",
              "path": "/nix/store/4nx5xiv69vqc9azhcgn7yw48mfrjc6lv-sqlite-3.51.2-man",
              "default": true
            },
            {
              "name": "out",
              "path": "/nix/store/w4g9wg8n4f85cialnsdwriwlkjdff9b5-sqlite-3.51.2"
            },
            {
              "name": "dev",
              "path": "/nix/store/1kgr3m3cjkjccnpnrcgw2g0l8zx2vhqk-sqlite-3.51.2-dev"
            },
            {
              "name": "doc",
              "path": "/nix/store/0lwkcqym02nwd8irrd406ma6bgb6x330-sqlite-3.51.2-doc"
            }
          ],
          "store_path": "/nix/store/k0d3v6xlvb83fmjkmm0wl7vysf498cx4-sqlite-3.51.2-bin"
        },
        "aarch64-linux": {
          "outputs": [
            {
              "name": "bin",
              "path": "/nix/store/vpl09zqh4s46pp3lxq9h22cd8zanb9c7-sqlite-3.51.2-bin",
              "default": true
            },
            {
              "name": "man",
              "path": "/nix/store/70fas3rsjvyv5j7ls758l4igb0s64s20-sqlite-3.51.2-man",
              "default": true
            },
            {
              "name": "doc",
              "path": "/nix/store/sa9n0x4nbmfjra8rx53qyk12zi475pzs-sqlite-3.51.2-doc"
            },
            {
              "name": "out",
              "path": "/nix/store/r1yvq03pp23glx5g6qcmyqw7m34rynmv-sqlite-3.51.2"
            },
            {
              "name": "debug",
              "path": "/nix/store/n9gkjby75v1zgcl2bdajvbh694ir2n9n-sqlite-3.51.2-debug"
            },
            {
              "name": "dev",
              "path": "/nix/store/fj9vvkrh19mj5dpylvvynqgx3lzhcn3i-sqlite-3.51.2-dev"
            }
          ],
          "store_path": "/nix/store/vpl09zqh4s46pp3lxq9h22cd8zanb9c7-sqlite-3.51.2-bin"
        },
        "x86_64-darwin": {
          "outputs": [
            {
              "name": "bin",
              "path": "/nix/store/lp7i4azfahsq77lby6rfip8p0hb441a3-sqlite-3.51.2-bin",
              "default": true
            },
            {
              "name": "man",
              "path": "/nix/store/fx8krh0y8bnzkxwi7ygsrlm9yn0gl83x-sqlite-3.51.2-man",
              "default": true
            },
            {
              "name": "dev",
              "path": "/nix/store/qgmdbbp7pysj0wv2jjw0xfcdd5zybkjx-sqlite-3.51.2-dev"
            },
            {
              "name": "doc",
              "path": "/nix/store/qwvvr3aqgcgyv4ixn2ijn8wsvn3zvixd-sqlite-3.51.2-doc"
            },
            {
              "name": "out",
              "path": "/nix/store/7dbr01zp4zx0n59shpbh363y4q4hv1x2-sqlite-3.51.2"
            }
          ],
          "store_path": "/nix/store/lp7i4azfahsq77lby6rfip8p0hb441a3-sqlite-3.51.2-bin"
        },
        "x86_64-linux": {
          "outputs": [
            {
              "name": "bin",
              "path": "/nix/store/f368yzprc0hlv08bmgmazh2531w0isr2-sqlite-3.51.2-bin",
              "default": true
            },
            {
              "name": "man",
              "path": "/nix/store/blrkz04mgi67paskg5bdw544p0pmcvq9-sqlite-3.51.2-man",
              "default": true
            },
            {
              "name": "out",
              "path": "/nix/store/yvh4iy0ab95dq2p6cfm1xfvs6j9m0gxy-sqlite-3.51.2"
            },
            {
              "name": "debug",
              "path": "/nix/store/pc5318chmrj9ci881cw77hc1c9swb4zh-sqlite-3.51.2-debug"
            },
            {
              "name": "dev",
              "path": "/nix/store/9sch12zs629pw6m1az1l3gyy38dv2lzi-sqlite-3.51.2-dev"
            },
            {
              "name": "doc",
              "path": "/nix/store/s0vgry2060r9ydrxfi3v42vrhv221srm-sqlite-3.51.2-doc"
            }
          ],
          "store_path": "/nix/store/f368yzprc0hlv08bmgmazh2531w0isr2-sqlite-3.51.2-bin"
        }
      }
    }
  }
}
